
Microsoft Visual Studio Solution File, Format Version 12.00
# Visual Studio Version 16
VisualStudioVersion = 16.0.31613.86
MinimumVisualStudioVersion = 10.0.40219.1
Project("{9A19103F-16F7-4668-BE54-9A1E7A4F7556}") = "Labb_4", "Labb_4\Labb_4.csproj", "{5326DB1E-8B2D-432B-A68C-64D26807753B}"
EndProject
Global
	GlobalSection(SolutionConfigurationPlatforms) = preSolution
		Debug|Any CPU = Debug|Any CPU
		Release|Any CPU = Release|Any CPU
	EndGlobalSection
	GlobalSection(ProjectConfigurationPlatforms) = postSolution
		{5326DB1E-8B2D-432B-A68C-64D26807753B}.Debug|Any CPU.ActiveCfg = Debug|Any CPU
		{5326DB1E-8B2D-432B-A68C-64D26807753B}.Debug|Any CPU.Build.0 = Debug|Any CPU
		{5326DB1E-8B2D-432B-A68C-64D26807753B}.Release|Any CPU.ActiveCfg = Release|Any CPU
		{5326DB1E-8B2D-432B-A68C-64D26807753B}.Release|Any CPU.Build.0 = Release|Any CPU
	EndGlobalSection
	GlobalSection(SolutionProperties) = preSolution
		HideSolutionNode = FALSE
	EndGlobalSection
	GlobalSection(ExtensibilityGlobals) = postSolution
		SolutionGuid = {84B12B77-D5F3-4D91-9EFA-F44A23596B1B}
	EndGlobalSection
EndGlobal
